
Microsoft Visual Studio Solution File, Format Version 12.00
# Visual Studio Version 17
VisualStudioVersion = 17.10.35122.118
MinimumVisualStudioVersion = 10.0.40219.1
Project("{2150E333-8FDC-42A3-9474-1A3956D46DE8}") = "Libraries", "Libraries", "{3DC7C601-D071-4BF9-BBCF-FDD48A6EF0AC}"
EndProject
Project("{2150E333-8FDC-42A3-9474-1A3956D46DE8}") = "ApiServices", "ApiServices", "{15035474-33EF-44C6-8F63-34FE40E15F98}"
EndProject
Project("{2150E333-8FDC-42A3-9474-1A3956D46DE8}") = "WorkerServices", "WorkerServices", "{7F9C6627-CFBF-4CF7-B5AF-95B51FF3D234}"
EndProject
Project("{FAE04EC0-301F-11D3-BF4B-00C04F79EFBC}") = "ServiceRunner", "ServiceRunner\ServiceRunner.csproj", "{FD88F9E1-A55D-4D51-AC9C-84DC8BD14A89}"
EndProject
Project("{FAE04EC0-301F-11D3-BF4B-00C04F79EFBC}") = "CommonModels", "CommonModels\CommonModels.csproj", "{934B4A6D-8C32-476A-86A3-EC656F71D652}"
EndProject
Project("{FAE04EC0-301F-11D3-BF4B-00C04F79EFBC}") = "CommonApiServices", "CommonApiServices\CommonApiServices.csproj", "{E67C29B8-36C4-4087-AFA1-1D4813B4FA41}"
EndProject
Global
	GlobalSection(SolutionConfigurationPlatforms) = preSolution
		Debug|Any CPU = Debug|Any CPU
		Release|Any CPU = Release|Any CPU
	EndGlobalSection
	GlobalSection(ProjectConfigurationPlatforms) = postSolution
		{FD88F9E1-A55D-4D51-AC9C-84DC8BD14A89}.Debug|Any CPU.ActiveCfg = Debug|Any CPU
		{FD88F9E1-A55D-4D51-AC9C-84DC8BD14A89}.Debug|Any CPU.Build.0 = Debug|Any CPU
		{FD88F9E1-A55D-4D51-AC9C-84DC8BD14A89}.Release|Any CPU.ActiveCfg = Release|Any CPU
		{FD88F9E1-A55D-4D51-AC9C-84DC8BD14A89}.Release|Any CPU.Build.0 = Release|Any CPU
		{934B4A6D-8C32-476A-86A3-EC656F71D652}.Debug|Any CPU.ActiveCfg = Debug|Any CPU
		{934B4A6D-8C32-476A-86A3-EC656F71D652}.Debug|Any CPU.Build.0 = Debug|Any CPU
		{934B4A6D-8C32-476A-86A3-EC656F71D652}.Release|Any CPU.ActiveCfg = Release|Any CPU
		{934B4A6D-8C32-476A-86A3-EC656F71D652}.Release|Any CPU.Build.0 = Release|Any CPU
		{E67C29B8-36C4-4087-AFA1-1D4813B4FA41}.Debug|Any CPU.ActiveCfg = Debug|Any CPU
		{E67C29B8-36C4-4087-AFA1-1D4813B4FA41}.Debug|Any CPU.Build.0 = Debug|Any CPU
		{E67C29B8-36C4-4087-AFA1-1D4813B4FA41}.Release|Any CPU.ActiveCfg = Release|Any CPU
		{E67C29B8-36C4-4087-AFA1-1D4813B4FA41}.Release|Any CPU.Build.0 = Release|Any CPU
	EndGlobalSection
	GlobalSection(SolutionProperties) = preSolution
		HideSolutionNode = FALSE
	EndGlobalSection
	GlobalSection(NestedProjects) = preSolution
		{FD88F9E1-A55D-4D51-AC9C-84DC8BD14A89} = {7F9C6627-CFBF-4CF7-B5AF-95B51FF3D234}
		{934B4A6D-8C32-476A-86A3-EC656F71D652} = {3DC7C601-D071-4BF9-BBCF-FDD48A6EF0AC}
		{E67C29B8-36C4-4087-AFA1-1D4813B4FA41} = {15035474-33EF-44C6-8F63-34FE40E15F98}
	EndGlobalSection
	GlobalSection(ExtensibilityGlobals) = postSolution
		SolutionGuid = {A06B3F8B-D52A-48C4-8F5F-B73E0D8B3191}
	EndGlobalSection
EndGlobal
